{
  "name": "myjournal",
  "version": "0.0.1",
  "lockfileVersion": 2,
  "requires": true,
  "packages": {
    "": {
      "version": "0.0.1",
      "license": "MIT",
      "devDependencies": {
        "@types/node": "^16.0.3",
        "typescript": "^4.3.4"
      }
    },
    "node_modules/@types/node": {
      "version": "16.0.3",
      "resolved": "https://registry.npmjs.org/@types/node/-/node-16.0.3.tgz",
      "integrity": "sha512-QhhSbE1wJMbh+lDsb9G6UFmyojhEgoO7dFVDBkli80sp3sPFojGh6TJXsht9Qbe2VWi91pbj08+1Kvue61RwsQ==",
      "dev": true
    },
    "node_modules/typescript": {
      "version": "4.3.5",
      "resolved": "https://registry.npmjs.org/typescript/-/typescript-4.3.5.tgz",
      "integrity": "sha512-DqQgihaQ9cUrskJo9kIyW/+g0Vxsk8cDtZ52a3NGh0YNTfpUSArXSohyUGnvbPazEPLu398C0UxmKSOrPumUzA==",
      "dev": true,
      "bin": {
        "tsc": "bin/tsc",
        "tsserver": "bin/tsserver"
      },
      "engines": {
        "node": ">=4.2.0"
      }
    }
  },
  "dependencies": {
    "@types/node": {
      "version": "16.0.3",
      "resolved": "https://registry.npmjs.org/@types/node/-/node-16.0.3.tgz",
      "integrity": "sha512-QhhSbE1wJMbh+lDsb9G6UFmyojhEgoO7dFVDBkli80sp3sPFojGh6TJXsht9Qbe2VWi91pbj08+1Kvue61RwsQ==",
      "dev": true
    },
    "typescript": {
      "version": "4.3.5",
      "resolved": "https://registry.npmjs.org/typescript/-/typescript-4.3.5.tgz",
      "integrity": "sha512-DqQgihaQ9cUrskJo9kIyW/+g0Vxsk8cDtZ52a3NGh0YNTfpUSArXSohyUGnvbPazEPLu398C0UxmKSOrPumUzA==",
      "dev": true
    }
  }
}
